
Microsoft Visual Studio Solution File, Format Version 12.00
# Visual Studio Version 17
VisualStudioVersion = 17.2.32526.322
MinimumVisualStudioVersion = 10.0.40219.1
Project("{9A19103F-16F7-4668-BE54-9A1E7A4F7556}") = "MoneroSharp", "MoneroSharp\MoneroSharp.csproj", "{7B3A3967-F274-4133-9B48-A93142B57FB6}"
EndProject
Project("{9A19103F-16F7-4668-BE54-9A1E7A4F7556}") = "Test", "Test\Test.csproj", "{350B90DD-A5BA-496C-874F-EF88527ADE21}"
EndProject
Global
	GlobalSection(SolutionConfigurationPlatforms) = preSolution
		Debug|Any CPU = Debug|Any CPU
		Release|Any CPU = Release|Any CPU
	EndGlobalSection
	GlobalSection(ProjectConfigurationPlatforms) = postSolution
		{7B3A3967-F274-4133-9B48-A93142B57FB6}.Debug|Any CPU.ActiveCfg = Debug|Any CPU
		{7B3A3967-F274-4133-9B48-A93142B57FB6}.Debug|Any CPU.Build.0 = Debug|Any CPU
		{7B3A3967-F274-4133-9B48-A93142B57FB6}.Release|Any CPU.ActiveCfg = Release|Any CPU
		{7B3A3967-F274-4133-9B48-A93142B57FB6}.Release|Any CPU.Build.0 = Release|Any CPU
		{350B90DD-A5BA-496C-874F-EF88527ADE21}.Debug|Any CPU.ActiveCfg = Debug|Any CPU
		{350B90DD-A5BA-496C-874F-EF88527ADE21}.Debug|Any CPU.Build.0 = Debug|Any CPU
		{350B90DD-A5BA-496C-874F-EF88527ADE21}.Release|Any CPU.ActiveCfg = Release|Any CPU
		{350B90DD-A5BA-496C-874F-EF88527ADE21}.Release|Any CPU.Build.0 = Release|Any CPU
	EndGlobalSection
	GlobalSection(SolutionProperties) = preSolution
		HideSolutionNode = FALSE
	EndGlobalSection
	GlobalSection(ExtensibilityGlobals) = postSolution
		SolutionGuid = {726F92D1-EE9C-469F-963D-34B151A1A1E4}
	EndGlobalSection
EndGlobal
